#MicroXplorer Configuration settings - do not modify
#Thu Jul 24 14:53:45 EDT 2014
File.Version=4
KeepUserPlacement=false
Mcu.Family=STM32F4
Mcu.IP0=NVIC
Mcu.IP1=RCC
Mcu.IPNb=2
Mcu.Name=STM32F407V(E-G)Tx
Mcu.Package=LQFP100
Mcu.PinsNb=0
Mcu.UserName=STM32F407VGTx
NVIC.PriorityGroup=NVIC_PRIORITYGROUP_0
NVIC.SysTick_IRQn=true\:0\:0
PCC.Family=STM32F4
PCC.MCU=STM32F407V(E-G)Tx
PCC.MXVersion=4.3.0
PCC.PartNumber=STM32F407VGTx
PCC.Seq0=0
PCC.SubFamily=STM32F407/417
PCC.Temperature=25
PCC.Vdd=3.3
ProjectManager.AskForMigrate=true
ProjectManager.BackupPrevious=false
ProjectManager.CompilerOptimize=2
ProjectManager.ComputerToolchain=false
ProjectManager.CoupleFile=false
ProjectManager.DeletePrevious=true
ProjectManager.DeviceId=STM32F407VGTx
ProjectManager.FirmwarePackage=STM32Cube FW_F4 V1.3.0
ProjectManager.FreePins=false
ProjectManager.HalAssertFull=false
ProjectManager.KeepUserCode=true
ProjectManager.LastFirmware=true
ProjectManager.LibraryCopy=0
ProjectManager.ProjectBuild=false
ProjectManager.ProjectFileName=srm32-analogue-io-timer.ioc
ProjectManager.ProjectName=srm32-analogue-io-timer
ProjectManager.TargetToolchain=TrueSTUDIO 4.3.1
RCC.FamilyName=M
RCC.HSE_VALUE=25000000
RCC.HSI_VALUE=16000000
RCC.IPParameters=,FamilyName,LSE_VALUE,HSE_VALUE,HSI_VALUE,LSI_VALUE
RCC.LSE_VALUE=32768
RCC.LSI_VALUE=32000
